
Microsoft Visual Studio Solution File, Format Version 12.00
# Visual Studio Version 16
VisualStudioVersion = 16.0.30225.117
MinimumVisualStudioVersion = 10.0.40219.1
Project("{8BC9CEB8-8B4A-11D0-8D11-00A0C91BC942}") = "Streams", "Streams\Streams.vcxproj", "{A22BA1BF-D807-4D4F-AE22-86E9DACBDEDE}"
EndProject
Project("{2150E333-8FDC-42A3-9474-1A3956D46DE8}") = "GTests", "GTests", "{51F1529C-BC45-4272-91E1-5146BA614533}"
EndProject
Project("{8BC9CEB8-8B4A-11D0-8D11-00A0C91BC942}") = "ContainerTests", "ContainerTests\ContainerTests.vcxproj", "{25653E6A-DDEE-40D8-9EAB-F21D59B7AB47}"
EndProject
Project("{8BC9CEB8-8B4A-11D0-8D11-00A0C91BC942}") = "AlgorithmsTests", "AlgorithmsTests\AlgorithmsTests.vcxproj", "{A9100E3C-D19A-4926-A1AB-734BC84DB4D1}"
EndProject
Project("{8BC9CEB8-8B4A-11D0-8D11-00A0C91BC942}") = "Sandbox", "Sandbox\Sandbox.vcxproj", "{4CDBFD18-4777-4A0A-813E-8580AE0511B6}"
EndProject
Project("{8BC9CEB8-8B4A-11D0-8D11-00A0C91BC942}") = "Account", "Account\Account.vcxproj", "{80C4613C-7892-4103-97A1-0A18BA8466DE}"
EndProject
Global
	GlobalSection(SolutionConfigurationPlatforms) = preSolution
		Debug|Win32 = Debug|Win32
		Debug|x64 = Debug|x64
		Release|Win32 = Release|Win32
		Release|x64 = Release|x64
	EndGlobalSection
	GlobalSection(ProjectConfigurationPlatforms) = postSolution
		{A22BA1BF-D807-4D4F-AE22-86E9DACBDEDE}.Debug|Win32.ActiveCfg = Debug|Win32
		{A22BA1BF-D807-4D4F-AE22-86E9DACBDEDE}.Debug|Win32.Build.0 = Debug|Win32
		{A22BA1BF-D807-4D4F-AE22-86E9DACBDEDE}.Debug|x64.ActiveCfg = Debug|x64
		{A22BA1BF-D807-4D4F-AE22-86E9DACBDEDE}.Debug|x64.Build.0 = Debug|x64
		{A22BA1BF-D807-4D4F-AE22-86E9DACBDEDE}.Release|Win32.ActiveCfg = Release|Win32
		{A22BA1BF-D807-4D4F-AE22-86E9DACBDEDE}.Release|Win32.Build.0 = Release|Win32
		{A22BA1BF-D807-4D4F-AE22-86E9DACBDEDE}.Release|x64.ActiveCfg = Release|x64
		{A22BA1BF-D807-4D4F-AE22-86E9DACBDEDE}.Release|x64.Build.0 = Release|x64
		{25653E6A-DDEE-40D8-9EAB-F21D59B7AB47}.Debug|Win32.ActiveCfg = Debug|Win32
		{25653E6A-DDEE-40D8-9EAB-F21D59B7AB47}.Debug|Win32.Build.0 = Debug|Win32
		{25653E6A-DDEE-40D8-9EAB-F21D59B7AB47}.Debug|x64.ActiveCfg = Debug|x64
		{25653E6A-DDEE-40D8-9EAB-F21D59B7AB47}.Debug|x64.Build.0 = Debug|x64
		{25653E6A-DDEE-40D8-9EAB-F21D59B7AB47}.Release|Win32.ActiveCfg = Release|Win32
		{25653E6A-DDEE-40D8-9EAB-F21D59B7AB47}.Release|Win32.Build.0 = Release|Win32
		{25653E6A-DDEE-40D8-9EAB-F21D59B7AB47}.Release|x64.ActiveCfg = Release|x64
		{25653E6A-DDEE-40D8-9EAB-F21D59B7AB47}.Release|x64.Build.0 = Release|x64
		{A9100E3C-D19A-4926-A1AB-734BC84DB4D1}.Debug|Win32.ActiveCfg = Debug|Win32
		{A9100E3C-D19A-4926-A1AB-734BC84DB4D1}.Debug|Win32.Build.0 = Debug|Win32
		{A9100E3C-D19A-4926-A1AB-734BC84DB4D1}.Debug|x64.ActiveCfg = Debug|x64
		{A9100E3C-D19A-4926-A1AB-734BC84DB4D1}.Debug|x64.Build.0 = Debug|x64
		{A9100E3C-D19A-4926-A1AB-734BC84DB4D1}.Release|Win32.ActiveCfg = Release|Win32
		{A9100E3C-D19A-4926-A1AB-734BC84DB4D1}.Release|Win32.Build.0 = Release|Win32
		{A9100E3C-D19A-4926-A1AB-734BC84DB4D1}.Release|x64.ActiveCfg = Release|x64
		{A9100E3C-D19A-4926-A1AB-734BC84DB4D1}.Release|x64.Build.0 = Release|x64
		{4CDBFD18-4777-4A0A-813E-8580AE0511B6}.Debug|Win32.ActiveCfg = Debug|Win32
		{4CDBFD18-4777-4A0A-813E-8580AE0511B6}.Debug|Win32.Build.0 = Debug|Win32
		{4CDBFD18-4777-4A0A-813E-8580AE0511B6}.Debug|x64.ActiveCfg = Debug|x64
		{4CDBFD18-4777-4A0A-813E-8580AE0511B6}.Debug|x64.Build.0 = Debug|x64
		{4CDBFD18-4777-4A0A-813E-8580AE0511B6}.Release|Win32.ActiveCfg = Release|Win32
		{4CDBFD18-4777-4A0A-813E-8580AE0511B6}.Release|Win32.Build.0 = Release|Win32
		{4CDBFD18-4777-4A0A-813E-8580AE0511B6}.Release|x64.ActiveCfg = Release|x64
		{4CDBFD18-4777-4A0A-813E-8580AE0511B6}.Release|x64.Build.0 = Release|x64
		{80C4613C-7892-4103-97A1-0A18BA8466DE}.Debug|Win32.ActiveCfg = Debug|Win32
		{80C4613C-7892-4103-97A1-0A18BA8466DE}.Debug|Win32.Build.0 = Debug|Win32
		{80C4613C-7892-4103-97A1-0A18BA8466DE}.Debug|x64.ActiveCfg = Debug|x64
		{80C4613C-7892-4103-97A1-0A18BA8466DE}.Debug|x64.Build.0 = Debug|x64
		{80C4613C-7892-4103-97A1-0A18BA8466DE}.Release|Win32.ActiveCfg = Release|Win32
		{80C4613C-7892-4103-97A1-0A18BA8466DE}.Release|Win32.Build.0 = Release|Win32
		{80C4613C-7892-4103-97A1-0A18BA8466DE}.Release|x64.ActiveCfg = Release|x64
		{80C4613C-7892-4103-97A1-0A18BA8466DE}.Release|x64.Build.0 = Release|x64
	EndGlobalSection
	GlobalSection(SolutionProperties) = preSolution
		HideSolutionNode = FALSE
	EndGlobalSection
	GlobalSection(NestedProjects) = preSolution
		{25653E6A-DDEE-40D8-9EAB-F21D59B7AB47} = {51F1529C-BC45-4272-91E1-5146BA614533}
		{A9100E3C-D19A-4926-A1AB-734BC84DB4D1} = {51F1529C-BC45-4272-91E1-5146BA614533}
	EndGlobalSection
	GlobalSection(ExtensibilityGlobals) = postSolution
		SolutionGuid = {CC34D2C8-13B4-4518-BDD7-045FE910BC30}
	EndGlobalSection
EndGlobal
